
Microsoft Visual Studio Solution File, Format Version 12.00
# Visual Studio 2012
Project("{FAE04EC0-301F-11D3-BF4B-00C04F79EFBC}") = "BizTalkComponents.PipelineComponents.CompressMessage", "Src\CompressMessage\BizTalkComponents.PipelineComponents.CompressMessage.csproj", "{B1FDC08F-3C4A-4A80-94FF-50C1314A9565}"
EndProject
Project("{FAE04EC0-301F-11D3-BF4B-00C04F79EFBC}") = "BizTalkComponents.PipelineComponents.CompressMessage.Tests.UnitTests", "Tests\UnitTests\BizTalkComponents.PipelineComponents.CompressMessage.Tests.UnitTests.csproj", "{014FBA2E-82DD-4549-873E-C647BC3ABCCC}"
EndProject
Global
	GlobalSection(SolutionConfigurationPlatforms) = preSolution
		Debug|Any CPU = Debug|Any CPU
		Release|Any CPU = Release|Any CPU
	EndGlobalSection
	GlobalSection(ProjectConfigurationPlatforms) = postSolution
		{B1FDC08F-3C4A-4A80-94FF-50C1314A9565}.Debug|Any CPU.ActiveCfg = Debug|Any CPU
		{B1FDC08F-3C4A-4A80-94FF-50C1314A9565}.Debug|Any CPU.Build.0 = Debug|Any CPU
		{B1FDC08F-3C4A-4A80-94FF-50C1314A9565}.Release|Any CPU.ActiveCfg = Release|Any CPU
		{B1FDC08F-3C4A-4A80-94FF-50C1314A9565}.Release|Any CPU.Build.0 = Release|Any CPU
		{014FBA2E-82DD-4549-873E-C647BC3ABCCC}.Debug|Any CPU.ActiveCfg = Debug|Any CPU
		{014FBA2E-82DD-4549-873E-C647BC3ABCCC}.Debug|Any CPU.Build.0 = Debug|Any CPU
		{014FBA2E-82DD-4549-873E-C647BC3ABCCC}.Release|Any CPU.ActiveCfg = Release|Any CPU
		{014FBA2E-82DD-4549-873E-C647BC3ABCCC}.Release|Any CPU.Build.0 = Release|Any CPU
	EndGlobalSection
	GlobalSection(SolutionProperties) = preSolution
		HideSolutionNode = FALSE
	EndGlobalSection
EndGlobal
